// !$*UTF8*$!
{
	archiveVersion = 1;
	classes = {
	};
	objectVersion = 50;
	objects = {

/* Begin PBXBuildFile section */
		2219BA0923F04EFD00982C79 /* Point.swift in Sources */ = {isa = PBXBuildFile; fileRef = 2219BA0823F04EFD00982C79 /* Point.swift */; };
		30170FCF23EFC5EE00BA38F4 /* Activity.swift in Sources */ = {isa = PBXBuildFile; fileRef = 30170FCE23EFC5EE00BA38F4 /* Activity.swift */; };
		30170FD123EFC5F200BA38F4 /* Report.swift in Sources */ = {isa = PBXBuildFile; fileRef = 30170FD023EFC5F100BA38F4 /* Report.swift */; };
		30170FD523F01AD100BA38F4 /* User.swift in Sources */ = {isa = PBXBuildFile; fileRef = 30170FD423F01AD100BA38F4 /* User.swift */; };
		30170FD723F059C700BA38F4 /* Functions.swift in Sources */ = {isa = PBXBuildFile; fileRef = 30170FD623F059C700BA38F4 /* Functions.swift */; };
		3025368D23EF7BCE0032D982 /* AppDelegate.swift in Sources */ = {isa = PBXBuildFile; fileRef = 3025368C23EF7BCE0032D982 /* AppDelegate.swift */; };
		3025368F23EF7BCE0032D982 /* SceneDelegate.swift in Sources */ = {isa = PBXBuildFile; fileRef = 3025368E23EF7BCE0032D982 /* SceneDelegate.swift */; };
		3025369123EF7BCE0032D982 /* ViewController.swift in Sources */ = {isa = PBXBuildFile; fileRef = 3025369023EF7BCE0032D982 /* ViewController.swift */; };
		3025369423EF7BCE0032D982 /* Main.storyboard in Resources */ = {isa = PBXBuildFile; fileRef = 3025369223EF7BCE0032D982 /* Main.storyboard */; };
		3025369623EF7BD00032D982 /* Assets.xcassets in Resources */ = {isa = PBXBuildFile; fileRef = 3025369523EF7BD00032D982 /* Assets.xcassets */; };
		3025369923EF7BD00032D982 /* LaunchScreen.storyboard in Resources */ = {isa = PBXBuildFile; fileRef = 3025369723EF7BD00032D982 /* LaunchScreen.storyboard */; };
		302536A423EF7BD00032D982 /* cortisol_appTests.swift in Sources */ = {isa = PBXBuildFile; fileRef = 302536A323EF7BD00032D982 /* cortisol_appTests.swift */; };
		302536AF23EF7BD00032D982 /* cortisol_appUITests.swift in Sources */ = {isa = PBXBuildFile; fileRef = 302536AE23EF7BD00032D982 /* cortisol_appUITests.swift */; };
		302536BD23EFBAA30032D982 /* DBHelper.swift in Sources */ = {isa = PBXBuildFile; fileRef = 302536BC23EFBAA30032D982 /* DBHelper.swift */; };
/* End PBXBuildFile section */

/* Begin PBXContainerItemProxy section */
		302536A023EF7BD00032D982 /* PBXContainerItemProxy */ = {
			isa = PBXContainerItemProxy;
			containerPortal = 3025368123EF7BCE0032D982 /* Project object */;
			proxyType = 1;
			remoteGlobalIDString = 3025368823EF7BCE0032D982;
			remoteInfo = cortisol_app;
		};
		302536AB23EF7BD00032D982 /* PBXContainerItemProxy */ = {
			isa = PBXContainerItemProxy;
			containerPortal = 3025368123EF7BCE0032D982 /* Project object */;
			proxyType = 1;
			remoteGlobalIDString = 3025368823EF7BCE0032D982;
			remoteInfo = cortisol_app;
		};
/* End PBXContainerItemProxy section */

/* Begin PBXFileReference section */
		2219BA0823F04EFD00982C79 /* Point.swift */ = {isa = PBXFileReference; lastKnownFileType = sourcecode.swift; path = Point.swift; sourceTree = "<group>"; };
		30170FCE23EFC5EE00BA38F4 /* Activity.swift */ = {isa = PBXFileReference; fileEncoding = 4; lastKnownFileType = sourcecode.swift; name = Activity.swift; path = ../../Activity.swift; sourceTree = "<group>"; };
		30170FD023EFC5F100BA38F4 /* Report.swift */ = {isa = PBXFileReference; fileEncoding = 4; lastKnownFileType = sourcecode.swift; name = Report.swift; path = ../../Report.swift; sourceTree = "<group>"; };
		30170FD423F01AD100BA38F4 /* User.swift */ = {isa = PBXFileReference; fileEncoding = 4; lastKnownFileType = sourcecode.swift; name = User.swift; path = ../../User.swift; sourceTree = "<group>"; };
		30170FD623F059C700BA38F4 /* Functions.swift */ = {isa = PBXFileReference; lastKnownFileType = sourcecode.swift; path = Functions.swift; sourceTree = "<group>"; };
		3025368923EF7BCE0032D982 /* cortisol_app.app */ = {isa = PBXFileReference; explicitFileType = wrapper.application; includeInIndex = 0; path = cortisol_app.app; sourceTree = BUILT_PRODUCTS_DIR; };
		3025368C23EF7BCE0032D982 /* AppDelegate.swift */ = {isa = PBXFileReference; lastKnownFileType = sourcecode.swift; path = AppDelegate.swift; sourceTree = "<group>"; };
		3025368E23EF7BCE0032D982 /* SceneDelegate.swift */ = {isa = PBXFileReference; lastKnownFileType = sourcecode.swift; path = SceneDelegate.swift; sourceTree = "<group>"; };
		3025369023EF7BCE0032D982 /* ViewController.swift */ = {isa = PBXFileReference; lastKnownFileType = sourcecode.swift; path = ViewController.swift; sourceTree = "<group>"; };
		3025369323EF7BCE0032D982 /* Base */ = {isa = PBXFileReference; lastKnownFileType = file.storyboard; name = Base; path = Base.lproj/Main.storyboard; sourceTree = "<group>"; };
		3025369523EF7BD00032D982 /* Assets.xcassets */ = {isa = PBXFileReference; lastKnownFileType = folder.assetcatalog; path = Assets.xcassets; sourceTree = "<group>"; };
		3025369823EF7BD00032D982 /* Base */ = {isa = PBXFileReference; lastKnownFileType = file.storyboard; name = Base; path = Base.lproj/LaunchScreen.storyboard; sourceTree = "<group>"; };
		3025369A23EF7BD00032D982 /* Info.plist */ = {isa = PBXFileReference; lastKnownFileType = text.plist.xml; path = Info.plist; sourceTree = "<group>"; };
		3025369F23EF7BD00032D982 /* cortisol_appTests.xctest */ = {isa = PBXFileReference; explicitFileType = wrapper.cfbundle; includeInIndex = 0; path = cortisol_appTests.xctest; sourceTree = BUILT_PRODUCTS_DIR; };
		302536A323EF7BD00032D982 /* cortisol_appTests.swift */ = {isa = PBXFileReference; lastKnownFileType = sourcecode.swift; path = cortisol_appTests.swift; sourceTree = "<group>"; };
		302536A523EF7BD00032D982 /* Info.plist */ = {isa = PBXFileReference; lastKnownFileType = text.plist.xml; path = Info.plist; sourceTree = "<group>"; };
		302536AA23EF7BD00032D982 /* cortisol_appUITests.xctest */ = {isa = PBXFileReference; explicitFileType = wrapper.cfbundle; includeInIndex = 0; path = cortisol_appUITests.xctest; sourceTree = BUILT_PRODUCTS_DIR; };
		302536AE23EF7BD00032D982 /* cortisol_appUITests.swift */ = {isa = PBXFileReference; lastKnownFileType = sourcecode.swift; path = cortisol_appUITests.swift; sourceTree = "<group>"; };
		302536B023EF7BD00032D982 /* Info.plist */ = {isa = PBXFileReference; lastKnownFileType = text.plist.xml; path = Info.plist; sourceTree = "<group>"; };
		302536BC23EFBAA30032D982 /* DBHelper.swift */ = {isa = PBXFileReference; lastKnownFileType = sourcecode.swift; path = DBHelper.swift; sourceTree = "<group>"; };
/* End PBXFileReference section */

/* Begin PBXFrameworksBuildPhase section */
		3025368623EF7BCE0032D982 /* Frameworks */ = {
			isa = PBXFrameworksBuildPhase;
			buildActionMask = 2147483647;
			files = (
			);
			runOnlyForDeploymentPostprocessing = 0;
		};
		3025369C23EF7BD00032D982 /* Frameworks */ = {
			isa = PBXFrameworksBuildPhase;
			buildActionMask = 2147483647;
			files = (
			);
			runOnlyForDeploymentPostprocessing = 0;
		};
		302536A723EF7BD00032D982 /* Frameworks */ = {
			isa = PBXFrameworksBuildPhase;
			buildActionMask = 2147483647;
			files = (
			);
			runOnlyForDeploymentPostprocessing = 0;
		};
/* End PBXFrameworksBuildPhase section */

/* Begin PBXGroup section */
		3025368023EF7BCE0032D982 = {
			isa = PBXGroup;
			children = (
				3025368B23EF7BCE0032D982 /* cortisol_app */,
				302536A223EF7BD00032D982 /* cortisol_appTests */,
				302536AD23EF7BD00032D982 /* cortisol_appUITests */,
				3025368A23EF7BCE0032D982 /* Products */,
			);
			sourceTree = "<group>";
		};
		3025368A23EF7BCE0032D982 /* Products */ = {
			isa = PBXGroup;
			children = (
				3025368923EF7BCE0032D982 /* cortisol_app.app */,
				3025369F23EF7BD00032D982 /* cortisol_appTests.xctest */,
				302536AA23EF7BD00032D982 /* cortisol_appUITests.xctest */,
			);
			name = Products;
			sourceTree = "<group>";
		};
		3025368B23EF7BCE0032D982 /* cortisol_app */ = {
			isa = PBXGroup;
			children = (
				30170FD423F01AD100BA38F4 /* User.swift */,
				30170FCE23EFC5EE00BA38F4 /* Activity.swift */,
				30170FD023EFC5F100BA38F4 /* Report.swift */,
				2219BA0823F04EFD00982C79 /* Point.swift */,
				3025368C23EF7BCE0032D982 /* AppDelegate.swift */,
				3025368E23EF7BCE0032D982 /* SceneDelegate.swift */,
				3025369023EF7BCE0032D982 /* ViewController.swift */,
				3025369223EF7BCE0032D982 /* Main.storyboard */,
				3025369723EF7BD00032D982 /* LaunchScreen.storyboard */,
				3025369523EF7BD00032D982 /* Assets.xcassets */,
				3025369A23EF7BD00032D982 /* Info.plist */,
				302536BC23EFBAA30032D982 /* DBHelper.swift */,
				30170FD623F059C700BA38F4 /* Functions.swift */,
			);
			path = cortisol_app;
			sourceTree = "<group>";
		};
		302536A223EF7BD00032D982 /* cortisol_appTests */ = {
			isa = PBXGroup;
			children = (
				302536A323EF7BD00032D982 /* cortisol_appTests.swift */,
				302536A523EF7BD00032D982 /* Info.plist */,
			);
			path = cortisol_appTests;
			sourceTree = "<group>";
		};
		302536AD23EF7BD00032D982 /* cortisol_appUITests */ = {
			isa = PBXGroup;
			children = (
				302536AE23EF7BD00032D982 /* cortisol_appUITests.swift */,
				302536B023EF7BD00032D982 /* Info.plist */,
			);
			path = cortisol_appUITests;
			sourceTree = "<group>";
		};
/* End PBXGroup section */

/* Begin PBXNativeTarget section */
		3025368823EF7BCE0032D982 /* cortisol_app */ = {
			isa = PBXNativeTarget;
			buildConfigurationList = 302536B323EF7BD00032D982 /* Build configuration list for PBXNativeTarget "cortisol_app" */;
			buildPhases = (
				3025368523EF7BCE0032D982 /* Sources */,
				3025368623EF7BCE0032D982 /* Frameworks */,
				3025368723EF7BCE0032D982 /* Resources */,
			);
			buildRules = (
			);
			dependencies = (
			);
			name = cortisol_app;
			productName = cortisol_app;
			productReference = 3025368923EF7BCE0032D982 /* cortisol_app.app */;
			productType = "com.apple.product-type.application";
		};
		3025369E23EF7BD00032D982 /* cortisol_appTests */ = {
			isa = PBXNativeTarget;
			buildConfigurationList = 302536B623EF7BD00032D982 /* Build configuration list for PBXNativeTarget "cortisol_appTests" */;
			buildPhases = (
				3025369B23EF7BD00032D982 /* Sources */,
				3025369C23EF7BD00032D982 /* Frameworks */,
				3025369D23EF7BD00032D982 /* Resources */,
			);
			buildRules = (
			);
			dependencies = (
				302536A123EF7BD00032D982 /* PBXTargetDependency */,
			);
			name = cortisol_appTests;
			productName = cortisol_appTests;
			productReference = 3025369F23EF7BD00032D982 /* cortisol_appTests.xctest */;
			productType = "com.apple.product-type.bundle.unit-test";
		};
		302536A923EF7BD00032D982 /* cortisol_appUITests */ = {
			isa = PBXNativeTarget;
			buildConfigurationList = 302536B923EF7BD00032D982 /* Build configuration list for PBXNativeTarget "cortisol_appUITests" */;
			buildPhases = (
				302536A623EF7BD00032D982 /* Sources */,
				302536A723EF7BD00032D982 /* Frameworks */,
				302536A823EF7BD00032D982 /* Resources */,
			);
			buildRules = (
			);
			dependencies = (
				302536AC23EF7BD00032D982 /* PBXTargetDependency */,
			);
			name = cortisol_appUITests;
			productName = cortisol_appUITests;
			productReference = 302536AA23EF7BD00032D982 /* cortisol_appUITests.xctest */;
			productType = "com.apple.product-type.bundle.ui-testing";
		};
/* End PBXNativeTarget section */

/* Begin PBXProject section */
		3025368123EF7BCE0032D982 /* Project object */ = {
			isa = PBXProject;
			attributes = {
				LastSwiftUpdateCheck = 1130;
				LastUpgradeCheck = 1130;
				ORGANIZATIONNAME = "Rolling Thunder";
				TargetAttributes = {
					3025368823EF7BCE0032D982 = {
						CreatedOnToolsVersion = 11.3.1;
					};
					3025369E23EF7BD00032D982 = {
						CreatedOnToolsVersion = 11.3.1;
						TestTargetID = 3025368823EF7BCE0032D982;
					};
					302536A923EF7BD00032D982 = {
						CreatedOnToolsVersion = 11.3.1;
						TestTargetID = 3025368823EF7BCE0032D982;
					};
				};
			};
			buildConfigurationList = 3025368423EF7BCE0032D982 /* Build configuration list for PBXProject "cortisol_app" */;
			compatibilityVersion = "Xcode 9.3";
			developmentRegion = en;
			hasScannedForEncodings = 0;
			knownRegions = (
				en,
				Base,
			);
			mainGroup = 3025368023EF7BCE0032D982;
			productRefGroup = 3025368A23EF7BCE0032D982 /* Products */;
			projectDirPath = "";
			projectRoot = "";
			targets = (
				3025368823EF7BCE0032D982 /* cortisol_app */,
				3025369E23EF7BD00032D982 /* cortisol_appTests */,
				302536A923EF7BD00032D982 /* cortisol_appUITests */,
			);
		};
/* End PBXProject section */

/* Begin PBXResourcesBuildPhase section */
		3025368723EF7BCE0032D982 /* Resources */ = {
			isa = PBXResourcesBuildPhase;
			buildActionMask = 2147483647;
			files = (
				3025369923EF7BD00032D982 /* LaunchScreen.storyboard in Resources */,
				3025369623EF7BD00032D982 /* Assets.xcassets in Resources */,
				3025369423EF7BCE0032D982 /* Main.storyboard in Resources */,
			);
			runOnlyForDeploymentPostprocessing = 0;
		};
		3025369D23EF7BD00032D982 /* Resources */ = {
			isa = PBXResourcesBuildPhase;
			buildActionMask = 2147483647;
			files = (
			);
			runOnlyForDeploymentPostprocessing = 0;
		};
		302536A823EF7BD00032D982 /* Resources */ = {
			isa = PBXResourcesBuildPhase;
			buildActionMask = 2147483647;
			files = (
			);
			runOnlyForDeploymentPostprocessing = 0;
		};
/* End PBXResourcesBuildPhase section */

/* Begin PBXSourcesBuildPhase section */
		3025368523EF7BCE0032D982 /* Sources */ = {
			isa = PBXSourcesBuildPhase;
			buildActionMask = 2147483647;
			files = (
				2219BA0923F04EFD00982C79 /* Point.swift in Sources */,
				30170FCF23EFC5EE00BA38F4 /* Activity.swift in Sources */,
				3025369123EF7BCE0032D982 /* ViewController.swift in Sources */,
				3025368D23EF7BCE0032D982 /* AppDelegate.swift in Sources */,
				30170FD723F059C700BA38F4 /* Functions.swift in Sources */,
				3025368F23EF7BCE0032D982 /* SceneDelegate.swift in Sources */,
				302536BD23EFBAA30032D982 /* DBHelper.swift in Sources */,
				30170FD123EFC5F200BA38F4 /* Report.swift in Sources */,
				30170FD523F01AD100BA38F4 /* User.swift in Sources */,
			);
			runOnlyForDeploymentPostprocessing = 0;
		};
		3025369B23EF7BD00032D982 /* Sources */ = {
			isa = PBXSourcesBuildPhase;
			buildActionMask = 2147483647;
			files = (
				302536A423EF7BD00032D982 /* cortisol_appTests.swift in Sources */,
			);
			runOnlyForDeploymentPostprocessing = 0;
		};
		302536A623EF7BD00032D982 /* Sources */ = {
			isa = PBXSourcesBuildPhase;
			buildActionMask = 2147483647;
			files = (
				302536AF23EF7BD00032D982 /* cortisol_appUITests.swift in Sources */,
			);
			runOnlyForDeploymentPostprocessing = 0;
		};
/* End PBXSourcesBuildPhase section */

/* Begin PBXTargetDependency section */
		302536A123EF7BD00032D982 /* PBXTargetDependency */ = {
			isa = PBXTargetDependency;
			target = 3025368823EF7BCE0032D982 /* cortisol_app */;
			targetProxy = 302536A023EF7BD00032D982 /* PBXContainerItemProxy */;
		};
		302536AC23EF7BD00032D982 /* PBXTargetDependency */ = {
			isa = PBXTargetDependency;
			target = 3025368823EF7BCE0032D982 /* cortisol_app */;
			targetProxy = 302536AB23EF7BD00032D982 /* PBXContainerItemProxy */;
		};
/* End PBXTargetDependency section */

/* Begin PBXVariantGroup section */
		3025369223EF7BCE0032D982 /* Main.storyboard */ = {
			isa = PBXVariantGroup;
			children = (
				3025369323EF7BCE0032D982 /* Base */,
			);
			name = Main.storyboard;
			sourceTree = "<group>";
		};
		3025369723EF7BD00032D982 /* LaunchScreen.storyboard */ = {
			isa = PBXVariantGroup;
			children = (
				3025369823EF7BD00032D982 /* Base */,
			);
			name = LaunchScreen.storyboard;
			sourceTree = "<group>";
		};
/* End PBXVariantGroup section */

/* Begin XCBuildConfiguration section */
		302536B123EF7BD00032D982 /* Debug */ = {
			isa = XCBuildConfiguration;
			buildSettings = {
				ALWAYS_SEARCH_USER_PATHS = NO;
				CLANG_ANALYZER_NONNULL = YES;
				CLANG_ANALYZER_NUMBER_OBJECT_CONVERSION = YES_AGGRESSIVE;
				CLANG_CXX_LANGUAGE_STANDARD = "gnu++14";
				CLANG_CXX_LIBRARY = "libc++";
				CLANG_ENABLE_MODULES = YES;
				CLANG_ENABLE_OBJC_ARC = YES;
				CLANG_ENABLE_OBJC_WEAK = YES;
				CLANG_WARN_BLOCK_CAPTURE_AUTORELEASING = YES;
				CLANG_WARN_BOOL_CONVERSION = YES;
				CLANG_WARN_COMMA = YES;
				CLANG_WARN_CONSTANT_CONVERSION = YES;
				CLANG_WARN_DEPRECATED_OBJC_IMPLEMENTATIONS = YES;
				CLANG_WARN_DIRECT_OBJC_ISA_USAGE = YES_ERROR;
				CLANG_WARN_DOCUMENTATION_COMMENTS = YES;
				CLANG_WARN_EMPTY_BODY = YES;
				CLANG_WARN_ENUM_CONVERSION = YES;
				CLANG_WARN_INFINITE_RECURSION = YES;
				CLANG_WARN_INT_CONVERSION = YES;
				CLANG_WARN_NON_LITERAL_NULL_CONVERSION = YES;
				CLANG_WARN_OBJC_IMPLICIT_RETAIN_SELF = YES;
				CLANG_WARN_OBJC_LITERAL_CONVERSION = YES;
				CLANG_WARN_OBJC_ROOT_CLASS = YES_ERROR;
				CLANG_WARN_RANGE_LOOP_ANALYSIS = YES;
				CLANG_WARN_STRICT_PROTOTYPES = YES;
				CLANG_WARN_SUSPICIOUS_MOVE = YES;
				CLANG_WARN_UNGUARDED_AVAILABILITY = YES_AGGRESSIVE;
				CLANG_WARN_UNREACHABLE_CODE = YES;
				CLANG_WARN__DUPLICATE_METHOD_MATCH = YES;
				COPY_PHASE_STRIP = NO;
				DEBUG_INFORMATION_FORMAT = dwarf;
				ENABLE_STRICT_OBJC_MSGSEND = YES;
				ENABLE_TESTABILITY = YES;
				GCC_C_LANGUAGE_STANDARD = gnu11;
				GCC_DYNAMIC_NO_PIC = NO;
				GCC_NO_COMMON_BLOCKS = YES;
				GCC_OPTIMIZATION_LEVEL = 0;
				GCC_PREPROCESSOR_DEFINITIONS = (
					"DEBUG=1",
					"$(inherited)",
				);
				GCC_WARN_64_TO_32_BIT_CONVERSION = YES;
				GCC_WARN_ABOUT_RETURN_TYPE = YES_ERROR;
				GCC_WARN_UNDECLARED_SELECTOR = YES;
				GCC_WARN_UNINITIALIZED_AUTOS = YES_AGGRESSIVE;
				GCC_WARN_UNUSED_FUNCTION = YES;
				GCC_WARN_UNUSED_VARIABLE = YES;
				IPHONEOS_DEPLOYMENT_TARGET = 13.2;
				MTL_ENABLE_DEBUG_INFO = INCLUDE_SOURCE;
				MTL_FAST_MATH = YES;
				ONLY_ACTIVE_ARCH = YES;
				SDKROOT = iphoneos;
				SWIFT_ACTIVE_COMPILATION_CONDITIONS = DEBUG;
				SWIFT_OPTIMIZATION_LEVEL = "-Onone";
			};
			name = Debug;
		};
		302536B223EF7BD00032D982 /* Release */ = {
			isa = XCBuildConfiguration;
			buildSettings = {
				ALWAYS_SEARCH_USER_PATHS = NO;
				CLANG_ANALYZER_NONNULL = YES;
				CLANG_ANALYZER_NUMBER_OBJECT_CONVERSION = YES_AGGRESSIVE;
				CLANG_CXX_LANGUAGE_STANDARD = "gnu++14";
				CLANG_CXX_LIBRARY = "libc++";
				CLANG_ENABLE_MODULES = YES;
				CLANG_ENABLE_OBJC_ARC = YES;
				CLANG_ENABLE_OBJC_WEAK = YES;
				CLANG_WARN_BLOCK_CAPTURE_AUTORELEASING = YES;
				CLANG_WARN_BOOL_CONVERSION = YES;
				CLANG_WARN_COMMA = YES;
				CLANG_WARN_CONSTANT_CONVERSION = YES;
				CLANG_WARN_DEPRECATED_OBJC_IMPLEMENTATIONS = YES;
				CLANG_WARN_DIRECT_OBJC_ISA_USAGE = YES_ERROR;
				CLANG_WARN_DOCUMENTATION_COMMENTS = YES;
				CLANG_WARN_EMPTY_BODY = YES;
				CLANG_WARN_ENUM_CONVERSION = YES;
				CLANG_WARN_INFINITE_RECURSION = YES;
				CLANG_WARN_INT_CONVERSION = YES;
				CLANG_WARN_NON_LITERAL_NULL_CONVERSION = YES;
				CLANG_WARN_OBJC_IMPLICIT_RETAIN_SELF = YES;
				CLANG_WARN_OBJC_LITERAL_CONVERSION = YES;
				CLANG_WARN_OBJC_ROOT_CLASS = YES_ERROR;
				CLANG_WARN_RANGE_LOOP_ANALYSIS = YES;
				CLANG_WARN_STRICT_PROTOTYPES = YES;
				CLANG_WARN_SUSPICIOUS_MOVE = YES;
				CLANG_WARN_UNGUARDED_AVAILABILITY = YES_AGGRESSIVE;
				CLANG_WARN_UNREACHABLE_CODE = YES;
				CLANG_WARN__DUPLICATE_METHOD_MATCH = YES;
				COPY_PHASE_STRIP = NO;
				DEBUG_INFORMATION_FORMAT = "dwarf-with-dsym";
				ENABLE_NS_ASSERTIONS = NO;
				ENABLE_STRICT_OBJC_MSGSEND = YES;
				GCC_C_LANGUAGE_STANDARD = gnu11;
				GCC_NO_COMMON_BLOCKS = YES;
				GCC_WARN_64_TO_32_BIT_CONVERSION = YES;
				GCC_WARN_ABOUT_RETURN_TYPE = YES_ERROR;
				GCC_WARN_UNDECLARED_SELECTOR = YES;
				GCC_WARN_UNINITIALIZED_AUTOS = YES_AGGRESSIVE;
				GCC_WARN_UNUSED_FUNCTION = YES;
				GCC_WARN_UNUSED_VARIABLE = YES;
				IPHONEOS_DEPLOYMENT_TARGET = 13.2;
				MTL_ENABLE_DEBUG_INFO = NO;
				MTL_FAST_MATH = YES;
				SDKROOT = iphoneos;
				SWIFT_COMPILATION_MODE = wholemodule;
				SWIFT_OPTIMIZATION_LEVEL = "-O";
				VALIDATE_PRODUCT = YES;
			};
			name = Release;
		};
		302536B423EF7BD00032D982 /* Debug */ = {
			isa = XCBuildConfiguration;
			buildSettings = {
				ASSETCATALOG_COMPILER_APPICON_NAME = AppIcon;
				CODE_SIGN_STYLE = Automatic;
				INFOPLIST_FILE = cortisol_app/Info.plist;
				LD_RUNPATH_SEARCH_PATHS = (
					"$(inherited)",
					"@executable_path/Frameworks",
				);
				PRODUCT_BUNDLE_IDENTIFIER = "com.camppolyhacks.cortisol-app";
				PRODUCT_NAME = "$(TARGET_NAME)";
				SWIFT_VERSION = 5.0;
				TARGETED_DEVICE_FAMILY = "1,2";
			};
			name = Debug;
		};
		302536B523EF7BD00032D982 /* Release */ = {
			isa = XCBuildConfiguration;
			buildSettings = {
				ASSETCATALOG_COMPILER_APPICON_NAME = AppIcon;
				CODE_SIGN_STYLE = Automatic;
				INFOPLIST_FILE = cortisol_app/Info.plist;
				LD_RUNPATH_SEARCH_PATHS = (
					"$(inherited)",
					"@executable_path/Frameworks",
				);
				PRODUCT_BUNDLE_IDENTIFIER = "com.camppolyhacks.cortisol-app";
				PRODUCT_NAME = "$(TARGET_NAME)";
				SWIFT_VERSION = 5.0;
				TARGETED_DEVICE_FAMILY = "1,2";
			};
			name = Release;
		};
		302536B723EF7BD00032D982 /* Debug */ = {
			isa = XCBuildConfiguration;
			buildSettings = {
				ALWAYS_EMBED_SWIFT_STANDARD_LIBRARIES = YES;
				BUNDLE_LOADER = "$(TEST_HOST)";
				CODE_SIGN_STYLE = Automatic;
				INFOPLIST_FILE = cortisol_appTests/Info.plist;
				IPHONEOS_DEPLOYMENT_TARGET = 13.2;
				LD_RUNPATH_SEARCH_PATHS = (
					"$(inherited)",
					"@executable_path/Frameworks",
					"@loader_path/Frameworks",
				);
				PRODUCT_BUNDLE_IDENTIFIER = "com.camppolyhacks.cortisol-appTests";
				PRODUCT_NAME = "$(TARGET_NAME)";
				SWIFT_VERSION = 5.0;
				TARGETED_DEVICE_FAMILY = "1,2";
				TEST_HOST = "$(BUILT_PRODUCTS_DIR)/cortisol_app.app/cortisol_app";
			};
			name = Debug;
		};
		302536B823EF7BD00032D982 /* Release */ = {
			isa = XCBuildConfiguration;
			buildSettings = {
				ALWAYS_EMBED_SWIFT_STANDARD_LIBRARIES = YES;
				BUNDLE_LOADER = "$(TEST_HOST)";
				CODE_SIGN_STYLE = Automatic;
				INFOPLIST_FILE = cortisol_appTests/Info.plist;
				IPHONEOS_DEPLOYMENT_TARGET = 13.2;
				LD_RUNPATH_SEARCH_PATHS = (
					"$(inherited)",
					"@executable_path/Frameworks",
					"@loader_path/Frameworks",
				);
				PRODUCT_BUNDLE_IDENTIFIER = "com.camppolyhacks.cortisol-appTests";
				PRODUCT_NAME = "$(TARGET_NAME)";
				SWIFT_VERSION = 5.0;
				TARGETED_DEVICE_FAMILY = "1,2";
				TEST_HOST = "$(BUILT_PRODUCTS_DIR)/cortisol_app.app/cortisol_app";
			};
			name = Release;
		};
		302536BA23EF7BD00032D982 /* Debug */ = {
			isa = XCBuildConfiguration;
			buildSettings = {
				ALWAYS_EMBED_SWIFT_STANDARD_LIBRARIES = YES;
				CODE_SIGN_STYLE = Automatic;
				INFOPLIST_FILE = cortisol_appUITests/Info.plist;
				LD_RUNPATH_SEARCH_PATHS = (
					"$(inherited)",
					"@executable_path/Frameworks",
					"@loader_path/Frameworks",
				);
				PRODUCT_BUNDLE_IDENTIFIER = "com.camppolyhacks.cortisol-appUITests";
				PRODUCT_NAME = "$(TARGET_NAME)";
				SWIFT_VERSION = 5.0;
				TARGETED_DEVICE_FAMILY = "1,2";
				TEST_TARGET_NAME = cortisol_app;
			};
			name = Debug;
		};
		302536BB23EF7BD00032D982 /* Release */ = {
			isa = XCBuildConfiguration;
			buildSettings = {
				ALWAYS_EMBED_SWIFT_STANDARD_LIBRARIES = YES;
				CODE_SIGN_STYLE = Automatic;
				INFOPLIST_FILE = cortisol_appUITests/Info.plist;
				LD_RUNPATH_SEARCH_PATHS = (
					"$(inherited)",
					"@executable_path/Frameworks",
					"@loader_path/Frameworks",
				);
				PRODUCT_BUNDLE_IDENTIFIER = "com.camppolyhacks.cortisol-appUITests";
				PRODUCT_NAME = "$(TARGET_NAME)";
				SWIFT_VERSION = 5.0;
				TARGETED_DEVICE_FAMILY = "1,2";
				TEST_TARGET_NAME = cortisol_app;
			};
			name = Release;
		};
/* End XCBuildConfiguration section */

/* Begin XCConfigurationList section */
		3025368423EF7BCE0032D982 /* Build configuration list for PBXProject "cortisol_app" */ = {
			isa = XCConfigurationList;
			buildConfigurations = (
				302536B123EF7BD00032D982 /* Debug */,
				302536B223EF7BD00032D982 /* Release */,
			);
			defaultConfigurationIsVisible = 0;
			defaultConfigurationName = Release;
		};
		302536B323EF7BD00032D982 /* Build configuration list for PBXNativeTarget "cortisol_app" */ = {
			isa = XCConfigurationList;
			buildConfigurations = (
				302536B423EF7BD00032D982 /* Debug */,
				302536B523EF7BD00032D982 /* Release */,
			);
			defaultConfigurationIsVisible = 0;
			defaultConfigurationName = Release;
		};
		302536B623EF7BD00032D982 /* Build configuration list for PBXNativeTarget "cortisol_appTests" */ = {
			isa = XCConfigurationList;
			buildConfigurations = (
				302536B723EF7BD00032D982 /* Debug */,
				302536B823EF7BD00032D982 /* Release */,
			);
			defaultConfigurationIsVisible = 0;
			defaultConfigurationName = Release;
		};
		302536B923EF7BD00032D982 /* Build configuration list for PBXNativeTarget "cortisol_appUITests" */ = {
			isa = XCConfigurationList;
			buildConfigurations = (
				302536BA23EF7BD00032D982 /* Debug */,
				302536BB23EF7BD00032D982 /* Release */,
			);
			defaultConfigurationIsVisible = 0;
			defaultConfigurationName = Release;
		};
/* End XCConfigurationList section */
	};
	rootObject = 3025368123EF7BCE0032D982 /* Project object */;
}
